
Microsoft Visual Studio Solution File, Format Version 12.00
# Visual Studio Version 16
VisualStudioVersion = 16.0.31005.135
MinimumVisualStudioVersion = 10.0.40219.1
Project("{FAE04EC0-301F-11D3-BF4B-00C04F79EFBC}") = "SMGeo", "SMGeo\SMGeo.csproj", "{D4E6E536-32FB-44AA-B322-1F26434D2A47}"
EndProject
Global
	GlobalSection(SolutionConfigurationPlatforms) = preSolution
		Debug|Any CPU = Debug|Any CPU
		Release|Any CPU = Release|Any CPU
	EndGlobalSection
	GlobalSection(ProjectConfigurationPlatforms) = postSolution
		{D4E6E536-32FB-44AA-B322-1F26434D2A47}.Debug|Any CPU.ActiveCfg = Debug|Any CPU
		{D4E6E536-32FB-44AA-B322-1F26434D2A47}.Debug|Any CPU.Build.0 = Debug|Any CPU
		{D4E6E536-32FB-44AA-B322-1F26434D2A47}.Release|Any CPU.ActiveCfg = Release|Any CPU
		{D4E6E536-32FB-44AA-B322-1F26434D2A47}.Release|Any CPU.Build.0 = Release|Any CPU
	EndGlobalSection
	GlobalSection(SolutionProperties) = preSolution
		HideSolutionNode = FALSE
	EndGlobalSection
	GlobalSection(ExtensibilityGlobals) = postSolution
		SolutionGuid = {9FCD6904-2D11-4047-803D-A9A95B5C179F}
	EndGlobalSection
EndGlobal
